// !$*UTF8*$!
{
	archiveVersion = 1;
	classes = {
	};
	objectVersion = 48;
	objects = {

/* Begin PBXBuildFile section */
		00EF402178A187FB8996946E /* SystemConfiguration.framework in Frameworks */ = {isa = PBXBuildFile; fileRef = CF07CD3234CE34238AAF00CF /* SystemConfiguration.framework */; };
		37016E421FCF153400AB82C9 /* ContactTableViewCell.swift in Sources */ = {isa = PBXBuildFile; fileRef = 37016E411FCF153400AB82C9 /* ContactTableViewCell.swift */; };
		378A09481FD18684002211C1 /* MenuViewController.swift in Sources */ = {isa = PBXBuildFile; fileRef = 378A09471FD18684002211C1 /* MenuViewController.swift */; };
		3790C1591FCC5539001928E4 /* SignUpViewController.swift in Sources */ = {isa = PBXBuildFile; fileRef = 3790C1571FCC5539001928E4 /* SignUpViewController.swift */; };
		3790C15C1FCC6018001928E4 /* LoginViewController.swift in Sources */ = {isa = PBXBuildFile; fileRef = 3790C15B1FCC6018001928E4 /* LoginViewController.swift */; };
		37D007231FCDB76200132F68 /* AddEditViewController.swift in Sources */ = {isa = PBXBuildFile; fileRef = 37D007211FCDB76200132F68 /* AddEditViewController.swift */; };
		37D007251FCDC5C500132F68 /* LoginViewController.xib in Resources */ = {isa = PBXBuildFile; fileRef = 37D007271FCDC5C500132F68 /* LoginViewController.xib */; };
		37D0072D1FCDC68300132F68 /* AddEditViewController.xib in Resources */ = {isa = PBXBuildFile; fileRef = 37D0072F1FCDC68300132F68 /* AddEditViewController.xib */; };
		37D007321FCDC71000132F68 /* SignUpViewController.xib in Resources */ = {isa = PBXBuildFile; fileRef = 37D007341FCDC71000132F68 /* SignUpViewController.xib */; };
		37D007391FCDC95200132F68 /* Localizable.strings in Resources */ = {isa = PBXBuildFile; fileRef = 37D007371FCDC95200132F68 /* Localizable.strings */; };
		37F562081FCEBE1A0083C0CC /* KeyboardUtil.swift in Sources */ = {isa = PBXBuildFile; fileRef = 37F562071FCEBE1A0083C0CC /* KeyboardUtil.swift */; };
		37FF79391FD012CF007D7047 /* CommunicationUtil.swift in Sources */ = {isa = PBXBuildFile; fileRef = 37FF79381FD012CF007D7047 /* CommunicationUtil.swift */; };
		39F07E2087F6B6AE4057F0DC /* CoreText.framework in Frameworks */ = {isa = PBXBuildFile; fileRef = FC243844D049F4A0232ECC51 /* CoreText.framework */; };
		41391B821FD5970C003ECEEF /* LocalizedUtil.swift in Sources */ = {isa = PBXBuildFile; fileRef = 41391B811FD5970C003ECEEF /* LocalizedUtil.swift */; };
		41E825B21FCC1B1600566D10 /* AppDelegate.swift in Sources */ = {isa = PBXBuildFile; fileRef = 41E825B11FCC1B1600566D10 /* AppDelegate.swift */; };
		41E825B51FCC1B1600566D10 /* Elder_ly.xcdatamodeld in Sources */ = {isa = PBXBuildFile; fileRef = 41E825B31FCC1B1600566D10 /* Elder_ly.xcdatamodeld */; };
		41E825B71FCC1B1600566D10 /* MasterViewController.swift in Sources */ = {isa = PBXBuildFile; fileRef = 41E825B61FCC1B1600566D10 /* MasterViewController.swift */; };
		41E825B91FCC1B1600566D10 /* DetailViewController.swift in Sources */ = {isa = PBXBuildFile; fileRef = 41E825B81FCC1B1600566D10 /* DetailViewController.swift */; };
		41E825BC1FCC1B1600566D10 /* Main.storyboard in Resources */ = {isa = PBXBuildFile; fileRef = 41E825BA1FCC1B1600566D10 /* Main.storyboard */; };
		41E825BE1FCC1B1600566D10 /* Assets.xcassets in Resources */ = {isa = PBXBuildFile; fileRef = 41E825BD1FCC1B1600566D10 /* Assets.xcassets */; };
		41E825C11FCC1B1600566D10 /* LaunchScreen.storyboard in Resources */ = {isa = PBXBuildFile; fileRef = 41E825BF1FCC1B1600566D10 /* LaunchScreen.storyboard */; };
		41E825CC1FCC1B1700566D10 /* Elder_lyTests.swift in Sources */ = {isa = PBXBuildFile; fileRef = 41E825CB1FCC1B1700566D10 /* Elder_lyTests.swift */; };
		41E825D71FCC1B1700566D10 /* Elder_lyUITests.swift in Sources */ = {isa = PBXBuildFile; fileRef = 41E825D61FCC1B1700566D10 /* Elder_lyUITests.swift */; };
		5118D7E01FCDBE710015E2F8 /* UserDefaultUtils.swift in Sources */ = {isa = PBXBuildFile; fileRef = 5118D7DF1FCDBE710015E2F8 /* UserDefaultUtils.swift */; };
		5133E0AC1FCEC0AB00AFB6CA /* SearchCoreDataProvider.swift in Sources */ = {isa = PBXBuildFile; fileRef = 5133E0AB1FCEC0AB00AFB6CA /* SearchCoreDataProvider.swift */; };
		518E16F81FD55A130053E053 /* StringUtils.swift in Sources */ = {isa = PBXBuildFile; fileRef = 518E16F71FD55A130053E053 /* StringUtils.swift */; };
		518E16FA1FD5844E0053E053 /* AlertDialogProvider.swift in Sources */ = {isa = PBXBuildFile; fileRef = 518E16F91FD5844E0053E053 /* AlertDialogProvider.swift */; };
		51CD9B54318495C701BE9BDD /* AVFoundation.framework in Frameworks */ = {isa = PBXBuildFile; fileRef = ABCF36C8A2D1039482C85EA7 /* AVFoundation.framework */; };
		51EC3A701FCC3F3B00EEE7D6 /* WebServicesProvider.swift in Sources */ = {isa = PBXBuildFile; fileRef = 51EC3A6F1FCC3F3B00EEE7D6 /* WebServicesProvider.swift */; };
		51EC3A721FCC403E00EEE7D6 /* Contact.swift in Sources */ = {isa = PBXBuildFile; fileRef = 51EC3A711FCC403E00EEE7D6 /* Contact.swift */; };
		51EC3A741FCC405100EEE7D6 /* User.swift in Sources */ = {isa = PBXBuildFile; fileRef = 51EC3A731FCC405100EEE7D6 /* User.swift */; };
		51FB10BB1FD1978C00A9D9F1 /* SplitViewControllerUtils.swift in Sources */ = {isa = PBXBuildFile; fileRef = 51FB10BA1FD1978C00A9D9F1 /* SplitViewControllerUtils.swift */; };
		51FBCD131FD005D1004A8E73 /* GravatarProvider.swift in Sources */ = {isa = PBXBuildFile; fileRef = 51FBCD121FD005D1004A8E73 /* GravatarProvider.swift */; };
		51FBCD1B1FD048FA004A8E73 /* UIColorUtils.swift in Sources */ = {isa = PBXBuildFile; fileRef = 51FBCD1A1FD048FA004A8E73 /* UIColorUtils.swift */; };
		595B124CFBA76185B25FBA90 /* QuartzCore.framework in Frameworks */ = {isa = PBXBuildFile; fileRef = B3DBE58689F165E4D44BF8CA /* QuartzCore.framework */; };
		8E01427553D8B6117BD2CB38 /* CoreMedia.framework in Frameworks */ = {isa = PBXBuildFile; fileRef = 2410B9AB82100003E207B63C /* CoreMedia.framework */; };
		8EE91305AC89D5033082BA88 /* AssetsLibrary.framework in Frameworks */ = {isa = PBXBuildFile; fileRef = 6E9080D2E28AB93EA46F8392 /* AssetsLibrary.framework */; };
		AA880F03C26CA45A3BDC0794 /* CoreTelephony.framework in Frameworks */ = {isa = PBXBuildFile; fileRef = 11EF9C8E822F789BD93FAFF3 /* CoreTelephony.framework */; };
		B385B40C9C2A92FA37C31679 /* CoreVideo.framework in Frameworks */ = {isa = PBXBuildFile; fileRef = 9E8806F383D656B3CAC66950 /* CoreVideo.framework */; };
		B854D6CD02E1A81599FC8786 /* BuddyBuildSDK.framework in Frameworks */ = {isa = PBXBuildFile; fileRef = 038C5BE633AE1B59909767AD /* BuddyBuildSDK.framework */; };
		F914D2AA1FCC2228008326FB /* .gitignore in Resources */ = {isa = PBXBuildFile; fileRef = F914D2A91FCC2228008326FB /* .gitignore */; };
		F914D2AC1FCEC912008326FB /* UserValidationUtil.swift in Sources */ = {isa = PBXBuildFile; fileRef = F914D2AB1FCEC911008326FB /* UserValidationUtil.swift */; };
/* End PBXBuildFile section */

/* Begin PBXContainerItemProxy section */
		41E825C81FCC1B1700566D10 /* PBXContainerItemProxy */ = {
			isa = PBXContainerItemProxy;
			containerPortal = 41E825A61FCC1B1600566D10 /* Project object */;
			proxyType = 1;
			remoteGlobalIDString = 41E825AD1FCC1B1600566D10;
			remoteInfo = Elder.ly;
		};
		41E825D31FCC1B1700566D10 /* PBXContainerItemProxy */ = {
			isa = PBXContainerItemProxy;
			containerPortal = 41E825A61FCC1B1600566D10 /* Project object */;
			proxyType = 1;
			remoteGlobalIDString = 41E825AD1FCC1B1600566D10;
			remoteInfo = Elder.ly;
		};
/* End PBXContainerItemProxy section */

/* Begin PBXFileReference section */
		038C5BE633AE1B59909767AD /* BuddyBuildSDK.framework */ = {isa = PBXFileReference; lastKnownFileType = wrapper.framework; path = BuddyBuildSDK.framework; sourceTree = "<group>"; };
		11EF9C8E822F789BD93FAFF3 /* CoreTelephony.framework */ = {isa = PBXFileReference; lastKnownFileType = wrapper.framework; name = CoreTelephony.framework; path = System/Library/Frameworks/CoreTelephony.framework; sourceTree = SDKROOT; };
		2410B9AB82100003E207B63C /* CoreMedia.framework */ = {isa = PBXFileReference; lastKnownFileType = wrapper.framework; name = CoreMedia.framework; path = System/Library/Frameworks/CoreMedia.framework; sourceTree = SDKROOT; };
		37016E411FCF153400AB82C9 /* ContactTableViewCell.swift */ = {isa = PBXFileReference; lastKnownFileType = sourcecode.swift; path = ContactTableViewCell.swift; sourceTree = "<group>"; };
		378A09471FD18684002211C1 /* MenuViewController.swift */ = {isa = PBXFileReference; lastKnownFileType = sourcecode.swift; path = MenuViewController.swift; sourceTree = "<group>"; };
		3790C1571FCC5539001928E4 /* SignUpViewController.swift */ = {isa = PBXFileReference; lastKnownFileType = sourcecode.swift; path = SignUpViewController.swift; sourceTree = "<group>"; };
		3790C15B1FCC6018001928E4 /* LoginViewController.swift */ = {isa = PBXFileReference; lastKnownFileType = sourcecode.swift; path = LoginViewController.swift; sourceTree = "<group>"; };
		37D007211FCDB76200132F68 /* AddEditViewController.swift */ = {isa = PBXFileReference; lastKnownFileType = sourcecode.swift; path = AddEditViewController.swift; sourceTree = "<group>"; };
		37D007261FCDC5C500132F68 /* Base */ = {isa = PBXFileReference; lastKnownFileType = file.xib; name = Base; path = Base.lproj/LoginViewController.xib; sourceTree = "<group>"; };
		37D0072E1FCDC68300132F68 /* Base */ = {isa = PBXFileReference; lastKnownFileType = file.xib; name = Base; path = Base.lproj/AddEditViewController.xib; sourceTree = "<group>"; };
		37D007331FCDC71000132F68 /* Base */ = {isa = PBXFileReference; lastKnownFileType = file.xib; name = Base; path = Base.lproj/SignUpViewController.xib; sourceTree = "<group>"; };
		37D007381FCDC95200132F68 /* Base */ = {isa = PBXFileReference; lastKnownFileType = text.plist.strings; name = Base; path = Base.lproj/Localizable.strings; sourceTree = "<group>"; };
		37F562071FCEBE1A0083C0CC /* KeyboardUtil.swift */ = {isa = PBXFileReference; lastKnownFileType = sourcecode.swift; path = KeyboardUtil.swift; sourceTree = "<group>"; };
		37FF79381FD012CF007D7047 /* CommunicationUtil.swift */ = {isa = PBXFileReference; lastKnownFileType = sourcecode.swift; path = CommunicationUtil.swift; sourceTree = "<group>"; };
		37FF793A1FD0176A007D7047 /* fr */ = {isa = PBXFileReference; lastKnownFileType = text.plist.strings; name = fr; path = fr.lproj/AddEditViewController.strings; sourceTree = "<group>"; };
		37FF793B1FD0176A007D7047 /* fr */ = {isa = PBXFileReference; lastKnownFileType = text.plist.strings; name = fr; path = fr.lproj/LoginViewController.strings; sourceTree = "<group>"; };
		37FF793C1FD0176A007D7047 /* fr */ = {isa = PBXFileReference; lastKnownFileType = text.plist.strings; name = fr; path = fr.lproj/SignUpViewController.strings; sourceTree = "<group>"; };
		37FF793D1FD0176A007D7047 /* fr */ = {isa = PBXFileReference; lastKnownFileType = text.plist.strings; name = fr; path = fr.lproj/LaunchScreen.strings; sourceTree = "<group>"; };
		37FF793E1FD0176A007D7047 /* fr */ = {isa = PBXFileReference; lastKnownFileType = text.plist.strings; name = fr; path = fr.lproj/Main.strings; sourceTree = "<group>"; };
		37FF793F1FD0176B007D7047 /* fr */ = {isa = PBXFileReference; lastKnownFileType = text.plist.strings; name = fr; path = fr.lproj/Localizable.strings; sourceTree = "<group>"; };
		41391B811FD5970C003ECEEF /* LocalizedUtil.swift */ = {isa = PBXFileReference; lastKnownFileType = sourcecode.swift; path = LocalizedUtil.swift; sourceTree = "<group>"; };
		41E825AE1FCC1B1600566D10 /* Elder.ly.app */ = {isa = PBXFileReference; explicitFileType = wrapper.application; includeInIndex = 0; path = Elder.ly.app; sourceTree = BUILT_PRODUCTS_DIR; };
		41E825B11FCC1B1600566D10 /* AppDelegate.swift */ = {isa = PBXFileReference; lastKnownFileType = sourcecode.swift; path = AppDelegate.swift; sourceTree = "<group>"; };
		41E825B41FCC1B1600566D10 /* Elder_ly.xcdatamodel */ = {isa = PBXFileReference; lastKnownFileType = wrapper.xcdatamodel; path = Elder_ly.xcdatamodel; sourceTree = "<group>"; };
		41E825B61FCC1B1600566D10 /* MasterViewController.swift */ = {isa = PBXFileReference; lastKnownFileType = sourcecode.swift; path = MasterViewController.swift; sourceTree = "<group>"; };
		41E825B81FCC1B1600566D10 /* DetailViewController.swift */ = {isa = PBXFileReference; lastKnownFileType = sourcecode.swift; path = DetailViewController.swift; sourceTree = "<group>"; };
		41E825BB1FCC1B1600566D10 /* Base */ = {isa = PBXFileReference; lastKnownFileType = file.storyboard; name = Base; path = Base.lproj/Main.storyboard; sourceTree = "<group>"; };
		41E825BD1FCC1B1600566D10 /* Assets.xcassets */ = {isa = PBXFileReference; lastKnownFileType = folder.assetcatalog; path = Assets.xcassets; sourceTree = "<group>"; };
		41E825C01FCC1B1600566D10 /* Base */ = {isa = PBXFileReference; lastKnownFileType = file.storyboard; name = Base; path = Base.lproj/LaunchScreen.storyboard; sourceTree = "<group>"; };
		41E825C21FCC1B1600566D10 /* Info.plist */ = {isa = PBXFileReference; lastKnownFileType = text.plist.xml; path = Info.plist; sourceTree = "<group>"; };
		41E825C71FCC1B1700566D10 /* Elder.lyTests.xctest */ = {isa = PBXFileReference; explicitFileType = wrapper.cfbundle; includeInIndex = 0; path = Elder.lyTests.xctest; sourceTree = BUILT_PRODUCTS_DIR; };
		41E825CB1FCC1B1700566D10 /* Elder_lyTests.swift */ = {isa = PBXFileReference; lastKnownFileType = sourcecode.swift; path = Elder_lyTests.swift; sourceTree = "<group>"; };
		41E825CD1FCC1B1700566D10 /* Info.plist */ = {isa = PBXFileReference; lastKnownFileType = text.plist.xml; path = Info.plist; sourceTree = "<group>"; };
		41E825D21FCC1B1700566D10 /* Elder.lyUITests.xctest */ = {isa = PBXFileReference; explicitFileType = wrapper.cfbundle; includeInIndex = 0; path = Elder.lyUITests.xctest; sourceTree = BUILT_PRODUCTS_DIR; };
		41E825D61FCC1B1700566D10 /* Elder_lyUITests.swift */ = {isa = PBXFileReference; lastKnownFileType = sourcecode.swift; path = Elder_lyUITests.swift; sourceTree = "<group>"; };
		41E825D81FCC1B1700566D10 /* Info.plist */ = {isa = PBXFileReference; lastKnownFileType = text.plist.xml; path = Info.plist; sourceTree = "<group>"; };
		5118D7DF1FCDBE710015E2F8 /* UserDefaultUtils.swift */ = {isa = PBXFileReference; lastKnownFileType = sourcecode.swift; path = UserDefaultUtils.swift; sourceTree = "<group>"; };
		5133E0AB1FCEC0AB00AFB6CA /* SearchCoreDataProvider.swift */ = {isa = PBXFileReference; lastKnownFileType = sourcecode.swift; path = SearchCoreDataProvider.swift; sourceTree = "<group>"; };
		518E16F71FD55A130053E053 /* StringUtils.swift */ = {isa = PBXFileReference; lastKnownFileType = sourcecode.swift; path = StringUtils.swift; sourceTree = "<group>"; };
		518E16F91FD5844E0053E053 /* AlertDialogProvider.swift */ = {isa = PBXFileReference; lastKnownFileType = sourcecode.swift; path = AlertDialogProvider.swift; sourceTree = "<group>"; };
		51EC3A6F1FCC3F3B00EEE7D6 /* WebServicesProvider.swift */ = {isa = PBXFileReference; lastKnownFileType = sourcecode.swift; path = WebServicesProvider.swift; sourceTree = "<group>"; };
		51EC3A711FCC403E00EEE7D6 /* Contact.swift */ = {isa = PBXFileReference; lastKnownFileType = sourcecode.swift; path = Contact.swift; sourceTree = "<group>"; };
		51EC3A731FCC405100EEE7D6 /* User.swift */ = {isa = PBXFileReference; lastKnownFileType = sourcecode.swift; path = User.swift; sourceTree = "<group>"; };
		51FB10BA1FD1978C00A9D9F1 /* SplitViewControllerUtils.swift */ = {isa = PBXFileReference; lastKnownFileType = sourcecode.swift; path = SplitViewControllerUtils.swift; sourceTree = "<group>"; };
		51FBCD121FD005D1004A8E73 /* GravatarProvider.swift */ = {isa = PBXFileReference; lastKnownFileType = sourcecode.swift; path = GravatarProvider.swift; sourceTree = "<group>"; };
		51FBCD1A1FD048FA004A8E73 /* UIColorUtils.swift */ = {isa = PBXFileReference; lastKnownFileType = sourcecode.swift; path = UIColorUtils.swift; sourceTree = "<group>"; };
		6E9080D2E28AB93EA46F8392 /* AssetsLibrary.framework */ = {isa = PBXFileReference; lastKnownFileType = wrapper.framework; name = AssetsLibrary.framework; path = System/Library/Frameworks/AssetsLibrary.framework; sourceTree = SDKROOT; };
		7D640F3A2E781D666777A069 /* Bridging-Header.h */ = {isa = PBXFileReference; includeInIndex = 1; lastKnownFileType = sourcecode.c.h; path = "Bridging-Header.h"; sourceTree = "<group>"; };
		9E8806F383D656B3CAC66950 /* CoreVideo.framework */ = {isa = PBXFileReference; lastKnownFileType = wrapper.framework; name = CoreVideo.framework; path = System/Library/Frameworks/CoreVideo.framework; sourceTree = SDKROOT; };
		ABCF36C8A2D1039482C85EA7 /* AVFoundation.framework */ = {isa = PBXFileReference; lastKnownFileType = wrapper.framework; name = AVFoundation.framework; path = System/Library/Frameworks/AVFoundation.framework; sourceTree = SDKROOT; };
		B3DBE58689F165E4D44BF8CA /* QuartzCore.framework */ = {isa = PBXFileReference; lastKnownFileType = wrapper.framework; name = QuartzCore.framework; path = System/Library/Frameworks/QuartzCore.framework; sourceTree = SDKROOT; };
		CF07CD3234CE34238AAF00CF /* SystemConfiguration.framework */ = {isa = PBXFileReference; lastKnownFileType = wrapper.framework; name = SystemConfiguration.framework; path = System/Library/Frameworks/SystemConfiguration.framework; sourceTree = SDKROOT; };
		F914D2A91FCC2228008326FB /* .gitignore */ = {isa = PBXFileReference; lastKnownFileType = text; path = .gitignore; sourceTree = "<group>"; };
		F914D2AB1FCEC911008326FB /* UserValidationUtil.swift */ = {isa = PBXFileReference; lastKnownFileType = sourcecode.swift; path = UserValidationUtil.swift; sourceTree = "<group>"; };
		FC243844D049F4A0232ECC51 /* CoreText.framework */ = {isa = PBXFileReference; lastKnownFileType = wrapper.framework; name = CoreText.framework; path = System/Library/Frameworks/CoreText.framework; sourceTree = SDKROOT; };
/* End PBXFileReference section */

/* Begin PBXFrameworksBuildPhase section */
		41E825AB1FCC1B1600566D10 /* Frameworks */ = {
			isa = PBXFrameworksBuildPhase;
			buildActionMask = 2147483647;
			files = (
				B854D6CD02E1A81599FC8786 /* BuddyBuildSDK.framework in Frameworks */,
				8EE91305AC89D5033082BA88 /* AssetsLibrary.framework in Frameworks */,
				39F07E2087F6B6AE4057F0DC /* CoreText.framework in Frameworks */,
				AA880F03C26CA45A3BDC0794 /* CoreTelephony.framework in Frameworks */,
				00EF402178A187FB8996946E /* SystemConfiguration.framework in Frameworks */,
				595B124CFBA76185B25FBA90 /* QuartzCore.framework in Frameworks */,
				51CD9B54318495C701BE9BDD /* AVFoundation.framework in Frameworks */,
				8E01427553D8B6117BD2CB38 /* CoreMedia.framework in Frameworks */,
				B385B40C9C2A92FA37C31679 /* CoreVideo.framework in Frameworks */,
			);
			runOnlyForDeploymentPostprocessing = 0;
		};
		41E825C41FCC1B1700566D10 /* Frameworks */ = {
			isa = PBXFrameworksBuildPhase;
			buildActionMask = 2147483647;
			files = (
			);
			runOnlyForDeploymentPostprocessing = 0;
		};
		41E825CF1FCC1B1700566D10 /* Frameworks */ = {
			isa = PBXFrameworksBuildPhase;
			buildActionMask = 2147483647;
			files = (
			);
			runOnlyForDeploymentPostprocessing = 0;
		};
/* End PBXFrameworksBuildPhase section */

/* Begin PBXGroup section */
		41E825A51FCC1B1600566D10 = {
			isa = PBXGroup;
			children = (
				F914D2A91FCC2228008326FB /* .gitignore */,
				41E825B01FCC1B1600566D10 /* Elder.ly */,
				41E825CA1FCC1B1700566D10 /* Elder.lyTests */,
				41E825D51FCC1B1700566D10 /* Elder.lyUITests */,
				41E825AF1FCC1B1600566D10 /* Products */,
				A54B4E7AAB5119B45DA6D93C /* Frameworks */,
				7D640F3A2E781D666777A069 /* Bridging-Header.h */,
			);
			sourceTree = "<group>";
		};
		41E825AF1FCC1B1600566D10 /* Products */ = {
			isa = PBXGroup;
			children = (
				41E825AE1FCC1B1600566D10 /* Elder.ly.app */,
				41E825C71FCC1B1700566D10 /* Elder.lyTests.xctest */,
				41E825D21FCC1B1700566D10 /* Elder.lyUITests.xctest */,
			);
			name = Products;
			sourceTree = "<group>";
		};
		41E825B01FCC1B1600566D10 /* Elder.ly */ = {
			isa = PBXGroup;
			children = (
				41E825C21FCC1B1600566D10 /* Info.plist */,
				37D007211FCDB76200132F68 /* AddEditViewController.swift */,
				41E825B11FCC1B1600566D10 /* AppDelegate.swift */,
				41E825B81FCC1B1600566D10 /* DetailViewController.swift */,
				3790C15B1FCC6018001928E4 /* LoginViewController.swift */,
				41E825B61FCC1B1600566D10 /* MasterViewController.swift */,
				3790C1571FCC5539001928E4 /* SignUpViewController.swift */,
				37D0072F1FCDC68300132F68 /* AddEditViewController.xib */,
				41E825B31FCC1B1600566D10 /* Elder_ly.xcdatamodeld */,
				41E825BF1FCC1B1600566D10 /* LaunchScreen.storyboard */,
				37D007271FCDC5C500132F68 /* LoginViewController.xib */,
				41E825BA1FCC1B1600566D10 /* Main.storyboard */,
				51EC3A6D1FCC3EFC00EEE7D6 /* Models */,
				51EC3A6E1FCC3F0E00EEE7D6 /* Providers */,
				5118D7DF1FCDBE710015E2F8 /* UserDefaultUtils.swift */,
				41E825BD1FCC1B1600566D10 /* Assets.xcassets */,
				37D007371FCDC95200132F68 /* Localizable.strings */,
				37F562071FCEBE1A0083C0CC /* KeyboardUtil.swift */,
				F914D2AB1FCEC911008326FB /* UserValidationUtil.swift */,
				37016E411FCF153400AB82C9 /* ContactTableViewCell.swift */,
				37FF79381FD012CF007D7047 /* CommunicationUtil.swift */,
				51FBCD1A1FD048FA004A8E73 /* UIColorUtils.swift */,
				51FB10BA1FD1978C00A9D9F1 /* SplitViewControllerUtils.swift */,
				378A09471FD18684002211C1 /* MenuViewController.swift */,
				518E16F71FD55A130053E053 /* StringUtils.swift */,
				37D007341FCDC71000132F68 /* SignUpViewController.xib */,
				41391B811FD5970C003ECEEF /* LocalizedUtil.swift */,
			);
			path = Elder.ly;
			sourceTree = "<group>";
		};
		41E825CA1FCC1B1700566D10 /* Elder.lyTests */ = {
			isa = PBXGroup;
			children = (
				41E825CB1FCC1B1700566D10 /* Elder_lyTests.swift */,
				41E825CD1FCC1B1700566D10 /* Info.plist */,
			);
			path = Elder.lyTests;
			sourceTree = "<group>";
		};
		41E825D51FCC1B1700566D10 /* Elder.lyUITests */ = {
			isa = PBXGroup;
			children = (
				41E825D61FCC1B1700566D10 /* Elder_lyUITests.swift */,
				41E825D81FCC1B1700566D10 /* Info.plist */,
			);
			path = Elder.lyUITests;
			sourceTree = "<group>";
		};
		51EC3A6D1FCC3EFC00EEE7D6 /* Models */ = {
			isa = PBXGroup;
			children = (
				51EC3A711FCC403E00EEE7D6 /* Contact.swift */,
				51EC3A731FCC405100EEE7D6 /* User.swift */,
			);
			path = Models;
			sourceTree = "<group>";
		};
		51EC3A6E1FCC3F0E00EEE7D6 /* Providers */ = {
			isa = PBXGroup;
			children = (
				51EC3A6F1FCC3F3B00EEE7D6 /* WebServicesProvider.swift */,
				5133E0AB1FCEC0AB00AFB6CA /* SearchCoreDataProvider.swift */,
				51FBCD121FD005D1004A8E73 /* GravatarProvider.swift */,
				518E16F91FD5844E0053E053 /* AlertDialogProvider.swift */,
			);
			path = Providers;
			sourceTree = "<group>";
		};
		A54B4E7AAB5119B45DA6D93C /* Frameworks */ = {
			isa = PBXGroup;
			children = (
				038C5BE633AE1B59909767AD /* BuddyBuildSDK.framework */,
				6E9080D2E28AB93EA46F8392 /* AssetsLibrary.framework */,
				FC243844D049F4A0232ECC51 /* CoreText.framework */,
				11EF9C8E822F789BD93FAFF3 /* CoreTelephony.framework */,
				CF07CD3234CE34238AAF00CF /* SystemConfiguration.framework */,
				B3DBE58689F165E4D44BF8CA /* QuartzCore.framework */,
				ABCF36C8A2D1039482C85EA7 /* AVFoundation.framework */,
				2410B9AB82100003E207B63C /* CoreMedia.framework */,
				9E8806F383D656B3CAC66950 /* CoreVideo.framework */,
			);
			name = Frameworks;
			sourceTree = "<group>";
		};
/* End PBXGroup section */

/* Begin PBXNativeTarget section */
		41E825AD1FCC1B1600566D10 /* Elder.ly */ = {
			isa = PBXNativeTarget;
			buildConfigurationList = 41E825DB1FCC1B1700566D10 /* Build configuration list for PBXNativeTarget "Elder.ly" */;
			buildPhases = (
				41E825AA1FCC1B1600566D10 /* Sources */,
				41E825AB1FCC1B1600566D10 /* Frameworks */,
				41E825AC1FCC1B1600566D10 /* Resources */,
			);
			buildRules = (
			);
			dependencies = (
			);
			name = Elder.ly;
			productName = Elder.ly;
			productReference = 41E825AE1FCC1B1600566D10 /* Elder.ly.app */;
			productType = "com.apple.product-type.application";
		};
		41E825C61FCC1B1700566D10 /* Elder.lyTests */ = {
			isa = PBXNativeTarget;
			buildConfigurationList = 41E825DE1FCC1B1700566D10 /* Build configuration list for PBXNativeTarget "Elder.lyTests" */;
			buildPhases = (
				41E825C31FCC1B1700566D10 /* Sources */,
				41E825C41FCC1B1700566D10 /* Frameworks */,
				41E825C51FCC1B1700566D10 /* Resources */,
			);
			buildRules = (
			);
			dependencies = (
				41E825C91FCC1B1700566D10 /* PBXTargetDependency */,
			);
			name = Elder.lyTests;
			productName = Elder.lyTests;
			productReference = 41E825C71FCC1B1700566D10 /* Elder.lyTests.xctest */;
			productType = "com.apple.product-type.bundle.unit-test";
		};
		41E825D11FCC1B1700566D10 /* Elder.lyUITests */ = {
			isa = PBXNativeTarget;
			buildConfigurationList = 41E825E11FCC1B1700566D10 /* Build configuration list for PBXNativeTarget "Elder.lyUITests" */;
			buildPhases = (
				41E825CE1FCC1B1700566D10 /* Sources */,
				41E825CF1FCC1B1700566D10 /* Frameworks */,
				41E825D01FCC1B1700566D10 /* Resources */,
			);
			buildRules = (
			);
			dependencies = (
				41E825D41FCC1B1700566D10 /* PBXTargetDependency */,
			);
			name = Elder.lyUITests;
			productName = Elder.lyUITests;
			productReference = 41E825D21FCC1B1700566D10 /* Elder.lyUITests.xctest */;
			productType = "com.apple.product-type.bundle.ui-testing";
		};
/* End PBXNativeTarget section */

/* Begin PBXProject section */
		41E825A61FCC1B1600566D10 /* Project object */ = {
			isa = PBXProject;
			attributes = {
				LastSwiftUpdateCheck = 0900;
				LastUpgradeCheck = 0900;
				ORGANIZATIONNAME = "Old Mojito";
				TargetAttributes = {
					41E825AD1FCC1B1600566D10 = {
						CreatedOnToolsVersion = 9.0;
						ProvisioningStyle = Manual;
					};
					41E825C61FCC1B1700566D10 = {
						CreatedOnToolsVersion = 9.0;
						ProvisioningStyle = Automatic;
						TestTargetID = 41E825AD1FCC1B1600566D10;
					};
					41E825D11FCC1B1700566D10 = {
						CreatedOnToolsVersion = 9.0;
						ProvisioningStyle = Automatic;
						TestTargetID = 41E825AD1FCC1B1600566D10;
					};
				};
			};
			buildConfigurationList = 41E825A91FCC1B1600566D10 /* Build configuration list for PBXProject "Elder.ly" */;
			compatibilityVersion = "Xcode 8.0";
			developmentRegion = en;
			hasScannedForEncodings = 0;
			knownRegions = (
				en,
				Base,
				fr,
			);
			mainGroup = 41E825A51FCC1B1600566D10;
			productRefGroup = 41E825AF1FCC1B1600566D10 /* Products */;
			projectDirPath = "";
			projectRoot = "";
			targets = (
				41E825AD1FCC1B1600566D10 /* Elder.ly */,
				41E825C61FCC1B1700566D10 /* Elder.lyTests */,
				41E825D11FCC1B1700566D10 /* Elder.lyUITests */,
			);
		};
/* End PBXProject section */

/* Begin PBXResourcesBuildPhase section */
		41E825AC1FCC1B1600566D10 /* Resources */ = {
			isa = PBXResourcesBuildPhase;
			buildActionMask = 2147483647;
			files = (
				F914D2AA1FCC2228008326FB /* .gitignore in Resources */,
				41E825C11FCC1B1600566D10 /* LaunchScreen.storyboard in Resources */,
				41E825BE1FCC1B1600566D10 /* Assets.xcassets in Resources */,
				37D0072D1FCDC68300132F68 /* AddEditViewController.xib in Resources */,
				37D007251FCDC5C500132F68 /* LoginViewController.xib in Resources */,
				37D007391FCDC95200132F68 /* Localizable.strings in Resources */,
				37D007321FCDC71000132F68 /* SignUpViewController.xib in Resources */,
				41E825BC1FCC1B1600566D10 /* Main.storyboard in Resources */,
			);
			runOnlyForDeploymentPostprocessing = 0;
		};
		41E825C51FCC1B1700566D10 /* Resources */ = {
			isa = PBXResourcesBuildPhase;
			buildActionMask = 2147483647;
			files = (
			);
			runOnlyForDeploymentPostprocessing = 0;
		};
		41E825D01FCC1B1700566D10 /* Resources */ = {
			isa = PBXResourcesBuildPhase;
			buildActionMask = 2147483647;
			files = (
			);
			runOnlyForDeploymentPostprocessing = 0;
		};
/* End PBXResourcesBuildPhase section */

/* Begin PBXSourcesBuildPhase section */
		41E825AA1FCC1B1600566D10 /* Sources */ = {
			isa = PBXSourcesBuildPhase;
			buildActionMask = 2147483647;
			files = (
				3790C15C1FCC6018001928E4 /* LoginViewController.swift in Sources */,
				51EC3A721FCC403E00EEE7D6 /* Contact.swift in Sources */,
				5118D7E01FCDBE710015E2F8 /* UserDefaultUtils.swift in Sources */,
				5133E0AC1FCEC0AB00AFB6CA /* SearchCoreDataProvider.swift in Sources */,
				51FBCD131FD005D1004A8E73 /* GravatarProvider.swift in Sources */,
				51FB10BB1FD1978C00A9D9F1 /* SplitViewControllerUtils.swift in Sources */,
				518E16FA1FD5844E0053E053 /* AlertDialogProvider.swift in Sources */,
				51EC3A701FCC3F3B00EEE7D6 /* WebServicesProvider.swift in Sources */,
				3790C1591FCC5539001928E4 /* SignUpViewController.swift in Sources */,
				518E16F81FD55A130053E053 /* StringUtils.swift in Sources */,
				37FF79391FD012CF007D7047 /* CommunicationUtil.swift in Sources */,
				37016E421FCF153400AB82C9 /* ContactTableViewCell.swift in Sources */,
				41E825B21FCC1B1600566D10 /* AppDelegate.swift in Sources */,
				41E825B51FCC1B1600566D10 /* Elder_ly.xcdatamodeld in Sources */,
				378A09481FD18684002211C1 /* MenuViewController.swift in Sources */,
				41391B821FD5970C003ECEEF /* LocalizedUtil.swift in Sources */,
				37D007231FCDB76200132F68 /* AddEditViewController.swift in Sources */,
				37F562081FCEBE1A0083C0CC /* KeyboardUtil.swift in Sources */,
				41E825B71FCC1B1600566D10 /* MasterViewController.swift in Sources */,
				51FBCD1B1FD048FA004A8E73 /* UIColorUtils.swift in Sources */,
				F914D2AC1FCEC912008326FB /* UserValidationUtil.swift in Sources */,
				41E825B91FCC1B1600566D10 /* DetailViewController.swift in Sources */,
				51EC3A741FCC405100EEE7D6 /* User.swift in Sources */,
			);
			runOnlyForDeploymentPostprocessing = 0;
		};
		41E825C31FCC1B1700566D10 /* Sources */ = {
			isa = PBXSourcesBuildPhase;
			buildActionMask = 2147483647;
			files = (
				41E825CC1FCC1B1700566D10 /* Elder_lyTests.swift in Sources */,
			);
			runOnlyForDeploymentPostprocessing = 0;
		};
		41E825CE1FCC1B1700566D10 /* Sources */ = {
			isa = PBXSourcesBuildPhase;
			buildActionMask = 2147483647;
			files = (
				41E825D71FCC1B1700566D10 /* Elder_lyUITests.swift in Sources */,
			);
			runOnlyForDeploymentPostprocessing = 0;
		};
/* End PBXSourcesBuildPhase section */

/* Begin PBXTargetDependency section */
		41E825C91FCC1B1700566D10 /* PBXTargetDependency */ = {
			isa = PBXTargetDependency;
			target = 41E825AD1FCC1B1600566D10 /* Elder.ly */;
			targetProxy = 41E825C81FCC1B1700566D10 /* PBXContainerItemProxy */;
		};
		41E825D41FCC1B1700566D10 /* PBXTargetDependency */ = {
			isa = PBXTargetDependency;
			target = 41E825AD1FCC1B1600566D10 /* Elder.ly */;
			targetProxy = 41E825D31FCC1B1700566D10 /* PBXContainerItemProxy */;
		};
/* End PBXTargetDependency section */

/* Begin PBXVariantGroup section */
		37D007271FCDC5C500132F68 /* LoginViewController.xib */ = {
			isa = PBXVariantGroup;
			children = (
				37D007261FCDC5C500132F68 /* Base */,
				37FF793B1FD0176A007D7047 /* fr */,
			);
			name = LoginViewController.xib;
			sourceTree = "<group>";
		};
		37D0072F1FCDC68300132F68 /* AddEditViewController.xib */ = {
			isa = PBXVariantGroup;
			children = (
				37D0072E1FCDC68300132F68 /* Base */,
				37FF793A1FD0176A007D7047 /* fr */,
			);
			name = AddEditViewController.xib;
			sourceTree = "<group>";
		};
		37D007341FCDC71000132F68 /* SignUpViewController.xib */ = {
			isa = PBXVariantGroup;
			children = (
				37D007331FCDC71000132F68 /* Base */,
				37FF793C1FD0176A007D7047 /* fr */,
			);
			name = SignUpViewController.xib;
			sourceTree = "<group>";
		};
		37D007371FCDC95200132F68 /* Localizable.strings */ = {
			isa = PBXVariantGroup;
			children = (
				37D007381FCDC95200132F68 /* Base */,
				37FF793F1FD0176B007D7047 /* fr */,
			);
			name = Localizable.strings;
			sourceTree = "<group>";
		};
		41E825BA1FCC1B1600566D10 /* Main.storyboard */ = {
			isa = PBXVariantGroup;
			children = (
				41E825BB1FCC1B1600566D10 /* Base */,
				37FF793E1FD0176A007D7047 /* fr */,
			);
			name = Main.storyboard;
			sourceTree = "<group>";
		};
		41E825BF1FCC1B1600566D10 /* LaunchScreen.storyboard */ = {
			isa = PBXVariantGroup;
			children = (
				41E825C01FCC1B1600566D10 /* Base */,
				37FF793D1FD0176A007D7047 /* fr */,
			);
			name = LaunchScreen.storyboard;
			sourceTree = "<group>";
		};
/* End PBXVariantGroup section */

/* Begin XCBuildConfiguration section */
		41E825D91FCC1B1700566D10 /* Debug */ = {
			isa = XCBuildConfiguration;
			buildSettings = {
				ALWAYS_SEARCH_USER_PATHS = NO;
				CLANG_ANALYZER_LOCALIZABILITY_NONLOCALIZED = YES;
				CLANG_ANALYZER_NONNULL = YES;
				CLANG_ANALYZER_NUMBER_OBJECT_CONVERSION = YES_AGGRESSIVE;
				CLANG_CXX_LANGUAGE_STANDARD = "gnu++14";
				CLANG_CXX_LIBRARY = "libc++";
				CLANG_ENABLE_MODULES = YES;
				CLANG_ENABLE_OBJC_ARC = YES;
				CLANG_WARN_BLOCK_CAPTURE_AUTORELEASING = YES;
				CLANG_WARN_BOOL_CONVERSION = YES;
				CLANG_WARN_COMMA = YES;
				CLANG_WARN_CONSTANT_CONVERSION = YES;
				CLANG_WARN_DIRECT_OBJC_ISA_USAGE = YES_ERROR;
				CLANG_WARN_DOCUMENTATION_COMMENTS = YES;
				CLANG_WARN_EMPTY_BODY = YES;
				CLANG_WARN_ENUM_CONVERSION = YES;
				CLANG_WARN_INFINITE_RECURSION = YES;
				CLANG_WARN_INT_CONVERSION = YES;
				CLANG_WARN_NON_LITERAL_NULL_CONVERSION = YES;
				CLANG_WARN_OBJC_LITERAL_CONVERSION = YES;
				CLANG_WARN_OBJC_ROOT_CLASS = YES_ERROR;
				CLANG_WARN_RANGE_LOOP_ANALYSIS = YES;
				CLANG_WARN_STRICT_PROTOTYPES = YES;
				CLANG_WARN_SUSPICIOUS_MOVE = YES;
				CLANG_WARN_UNGUARDED_AVAILABILITY = YES_AGGRESSIVE;
				CLANG_WARN_UNREACHABLE_CODE = YES;
				CLANG_WARN__DUPLICATE_METHOD_MATCH = YES;
				CODE_SIGN_IDENTITY = "iPhone Developer";
				COPY_PHASE_STRIP = NO;
				DEBUG_INFORMATION_FORMAT = dwarf;
				ENABLE_STRICT_OBJC_MSGSEND = YES;
				ENABLE_TESTABILITY = YES;
				GCC_C_LANGUAGE_STANDARD = gnu11;
				GCC_DYNAMIC_NO_PIC = NO;
				GCC_NO_COMMON_BLOCKS = YES;
				GCC_OPTIMIZATION_LEVEL = 0;
				GCC_PREPROCESSOR_DEFINITIONS = (
					"DEBUG=1",
					"$(inherited)",
				);
				GCC_WARN_64_TO_32_BIT_CONVERSION = YES;
				GCC_WARN_ABOUT_RETURN_TYPE = YES_ERROR;
				GCC_WARN_UNDECLARED_SELECTOR = YES;
				GCC_WARN_UNINITIALIZED_AUTOS = YES_AGGRESSIVE;
				GCC_WARN_UNUSED_FUNCTION = YES;
				GCC_WARN_UNUSED_VARIABLE = YES;
				IPHONEOS_DEPLOYMENT_TARGET = 11.0;
				MTL_ENABLE_DEBUG_INFO = YES;
				ONLY_ACTIVE_ARCH = YES;
				SDKROOT = iphoneos;
				SWIFT_ACTIVE_COMPILATION_CONDITIONS = DEBUG;
				SWIFT_OPTIMIZATION_LEVEL = "-Onone";
			};
			name = Debug;
		};
		41E825DA1FCC1B1700566D10 /* Release */ = {
			isa = XCBuildConfiguration;
			buildSettings = {
				ALWAYS_SEARCH_USER_PATHS = NO;
				CLANG_ANALYZER_LOCALIZABILITY_NONLOCALIZED = YES;
				CLANG_ANALYZER_NONNULL = YES;
				CLANG_ANALYZER_NUMBER_OBJECT_CONVERSION = YES_AGGRESSIVE;
				CLANG_CXX_LANGUAGE_STANDARD = "gnu++14";
				CLANG_CXX_LIBRARY = "libc++";
				CLANG_ENABLE_MODULES = YES;
				CLANG_ENABLE_OBJC_ARC = YES;
				CLANG_WARN_BLOCK_CAPTURE_AUTORELEASING = YES;
				CLANG_WARN_BOOL_CONVERSION = YES;
				CLANG_WARN_COMMA = YES;
				CLANG_WARN_CONSTANT_CONVERSION = YES;
				CLANG_WARN_DIRECT_OBJC_ISA_USAGE = YES_ERROR;
				CLANG_WARN_DOCUMENTATION_COMMENTS = YES;
				CLANG_WARN_EMPTY_BODY = YES;
				CLANG_WARN_ENUM_CONVERSION = YES;
				CLANG_WARN_INFINITE_RECURSION = YES;
				CLANG_WARN_INT_CONVERSION = YES;
				CLANG_WARN_NON_LITERAL_NULL_CONVERSION = YES;
				CLANG_WARN_OBJC_LITERAL_CONVERSION = YES;
				CLANG_WARN_OBJC_ROOT_CLASS = YES_ERROR;
				CLANG_WARN_RANGE_LOOP_ANALYSIS = YES;
				CLANG_WARN_STRICT_PROTOTYPES = YES;
				CLANG_WARN_SUSPICIOUS_MOVE = YES;
				CLANG_WARN_UNGUARDED_AVAILABILITY = YES_AGGRESSIVE;
				CLANG_WARN_UNREACHABLE_CODE = YES;
				CLANG_WARN__DUPLICATE_METHOD_MATCH = YES;
				CODE_SIGN_IDENTITY = "iPhone Developer";
				COPY_PHASE_STRIP = NO;
				DEBUG_INFORMATION_FORMAT = "dwarf-with-dsym";
				ENABLE_NS_ASSERTIONS = NO;
				ENABLE_STRICT_OBJC_MSGSEND = YES;
				GCC_C_LANGUAGE_STANDARD = gnu11;
				GCC_NO_COMMON_BLOCKS = YES;
				GCC_WARN_64_TO_32_BIT_CONVERSION = YES;
				GCC_WARN_ABOUT_RETURN_TYPE = YES_ERROR;
				GCC_WARN_UNDECLARED_SELECTOR = YES;
				GCC_WARN_UNINITIALIZED_AUTOS = YES_AGGRESSIVE;
				GCC_WARN_UNUSED_FUNCTION = YES;
				GCC_WARN_UNUSED_VARIABLE = YES;
				IPHONEOS_DEPLOYMENT_TARGET = 11.0;
				MTL_ENABLE_DEBUG_INFO = NO;
				SDKROOT = iphoneos;
				SWIFT_OPTIMIZATION_LEVEL = "-Owholemodule";
				VALIDATE_PRODUCT = YES;
			};
			name = Release;
		};
		41E825DC1FCC1B1700566D10 /* Debug */ = {
			isa = XCBuildConfiguration;
			buildSettings = {
				ASSETCATALOG_COMPILER_APPICON_NAME = AppIcon;
				CODE_SIGN_STYLE = Manual;
				DEVELOPMENT_TEAM = K4BW9785S4;
				FRAMEWORK_SEARCH_PATHS = (
					"$(inherited)",
					"$(PROJECT_DIR)",
				);
				INFOPLIST_FILE = Elder.ly/Info.plist;
				IPHONEOS_DEPLOYMENT_TARGET = 10.0;
				LD_RUNPATH_SEARCH_PATHS = "$(inherited) @executable_path/Frameworks";
				PRODUCT_BUNDLE_IDENTIFIER = "com.formation.Elder-ly";
				PRODUCT_NAME = "$(TARGET_NAME)";
				PROVISIONING_PROFILE = "7d7fdd9c-d2e4-4ba2-8600-b6c7886f31ce";
				PROVISIONING_PROFILE_SPECIFIER = ProvisioningProfileDevProjet;
				SWIFT_OBJC_BRIDGING_HEADER = "Bridging-Header.h";
				SWIFT_VERSION = 4.0;
				TARGETED_DEVICE_FAMILY = "1,2";
			};
			name = Debug;
		};
		41E825DD1FCC1B1700566D10 /* Release */ = {
			isa = XCBuildConfiguration;
			buildSettings = {
				ASSETCATALOG_COMPILER_APPICON_NAME = AppIcon;
				CODE_SIGN_STYLE = Manual;
				DEVELOPMENT_TEAM = "";
				FRAMEWORK_SEARCH_PATHS = (
					"$(inherited)",
					"$(PROJECT_DIR)",
				);
				INFOPLIST_FILE = Elder.ly/Info.plist;
				IPHONEOS_DEPLOYMENT_TARGET = 10.0;
				LD_RUNPATH_SEARCH_PATHS = "$(inherited) @executable_path/Frameworks";
				PRODUCT_BUNDLE_IDENTIFIER = "com.formation.Elder-ly";
				PRODUCT_NAME = "$(TARGET_NAME)";
				PROVISIONING_PROFILE_SPECIFIER = "";
				SWIFT_OBJC_BRIDGING_HEADER = "Bridging-Header.h";
				SWIFT_VERSION = 4.0;
				TARGETED_DEVICE_FAMILY = "1,2";
			};
			name = Release;
		};
		41E825DF1FCC1B1700566D10 /* Debug */ = {
			isa = XCBuildConfiguration;
			buildSettings = {
				ALWAYS_EMBED_SWIFT_STANDARD_LIBRARIES = YES;
				BUNDLE_LOADER = "$(TEST_HOST)";
				CODE_SIGN_STYLE = Automatic;
				INFOPLIST_FILE = Elder.lyTests/Info.plist;
				LD_RUNPATH_SEARCH_PATHS = "$(inherited) @executable_path/Frameworks @loader_path/Frameworks";
				PRODUCT_BUNDLE_IDENTIFIER = "com.formation.Elder-lyTests";
				PRODUCT_NAME = "$(TARGET_NAME)";
				SWIFT_VERSION = 4.0;
				TARGETED_DEVICE_FAMILY = "1,2";
				TEST_HOST = "$(BUILT_PRODUCTS_DIR)/Elder.ly.app/Elder.ly";
			};
			name = Debug;
		};
		41E825E01FCC1B1700566D10 /* Release */ = {
			isa = XCBuildConfiguration;
			buildSettings = {
				ALWAYS_EMBED_SWIFT_STANDARD_LIBRARIES = YES;
				BUNDLE_LOADER = "$(TEST_HOST)";
				CODE_SIGN_STYLE = Automatic;
				INFOPLIST_FILE = Elder.lyTests/Info.plist;
				LD_RUNPATH_SEARCH_PATHS = "$(inherited) @executable_path/Frameworks @loader_path/Frameworks";
				PRODUCT_BUNDLE_IDENTIFIER = "com.formation.Elder-lyTests";
				PRODUCT_NAME = "$(TARGET_NAME)";
				SWIFT_VERSION = 4.0;
				TARGETED_DEVICE_FAMILY = "1,2";
				TEST_HOST = "$(BUILT_PRODUCTS_DIR)/Elder.ly.app/Elder.ly";
			};
			name = Release;
		};
		41E825E21FCC1B1700566D10 /* Debug */ = {
			isa = XCBuildConfiguration;
			buildSettings = {
				ALWAYS_EMBED_SWIFT_STANDARD_LIBRARIES = YES;
				CODE_SIGN_STYLE = Automatic;
				INFOPLIST_FILE = Elder.lyUITests/Info.plist;
				LD_RUNPATH_SEARCH_PATHS = "$(inherited) @executable_path/Frameworks @loader_path/Frameworks";
				PRODUCT_BUNDLE_IDENTIFIER = "com.formation.Elder-lyUITests";
				PRODUCT_NAME = "$(TARGET_NAME)";
				SWIFT_VERSION = 4.0;
				TARGETED_DEVICE_FAMILY = "1,2";
				TEST_TARGET_NAME = Elder.ly;
			};
			name = Debug;
		};
		41E825E31FCC1B1700566D10 /* Release */ = {
			isa = XCBuildConfiguration;
			buildSettings = {
				ALWAYS_EMBED_SWIFT_STANDARD_LIBRARIES = YES;
				CODE_SIGN_STYLE = Automatic;
				INFOPLIST_FILE = Elder.lyUITests/Info.plist;
				LD_RUNPATH_SEARCH_PATHS = "$(inherited) @executable_path/Frameworks @loader_path/Frameworks";
				PRODUCT_BUNDLE_IDENTIFIER = "com.formation.Elder-lyUITests";
				PRODUCT_NAME = "$(TARGET_NAME)";
				SWIFT_VERSION = 4.0;
				TARGETED_DEVICE_FAMILY = "1,2";
				TEST_TARGET_NAME = Elder.ly;
			};
			name = Release;
		};
/* End XCBuildConfiguration section */

/* Begin XCConfigurationList section */
		41E825A91FCC1B1600566D10 /* Build configuration list for PBXProject "Elder.ly" */ = {
			isa = XCConfigurationList;
			buildConfigurations = (
				41E825D91FCC1B1700566D10 /* Debug */,
				41E825DA1FCC1B1700566D10 /* Release */,
			);
			defaultConfigurationIsVisible = 0;
			defaultConfigurationName = Release;
		};
		41E825DB1FCC1B1700566D10 /* Build configuration list for PBXNativeTarget "Elder.ly" */ = {
			isa = XCConfigurationList;
			buildConfigurations = (
				41E825DC1FCC1B1700566D10 /* Debug */,
				41E825DD1FCC1B1700566D10 /* Release */,
			);
			defaultConfigurationIsVisible = 0;
			defaultConfigurationName = Release;
		};
		41E825DE1FCC1B1700566D10 /* Build configuration list for PBXNativeTarget "Elder.lyTests" */ = {
			isa = XCConfigurationList;
			buildConfigurations = (
				41E825DF1FCC1B1700566D10 /* Debug */,
				41E825E01FCC1B1700566D10 /* Release */,
			);
			defaultConfigurationIsVisible = 0;
			defaultConfigurationName = Release;
		};
		41E825E11FCC1B1700566D10 /* Build configuration list for PBXNativeTarget "Elder.lyUITests" */ = {
			isa = XCConfigurationList;
			buildConfigurations = (
				41E825E21FCC1B1700566D10 /* Debug */,
				41E825E31FCC1B1700566D10 /* Release */,
			);
			defaultConfigurationIsVisible = 0;
			defaultConfigurationName = Release;
		};
/* End XCConfigurationList section */

/* Begin XCVersionGroup section */
		41E825B31FCC1B1600566D10 /* Elder_ly.xcdatamodeld */ = {
			isa = XCVersionGroup;
			children = (
				41E825B41FCC1B1600566D10 /* Elder_ly.xcdatamodel */,
			);
			currentVersion = 41E825B41FCC1B1600566D10 /* Elder_ly.xcdatamodel */;
			path = Elder_ly.xcdatamodeld;
			sourceTree = "<group>";
			versionGroupType = wrapper.xcdatamodel;
		};
/* End XCVersionGroup section */
	};
	rootObject = 41E825A61FCC1B1600566D10 /* Project object */;
}
